
Microsoft Visual Studio Solution File, Format Version 11.00
# Visual Studio 2010
Project("{FAE04EC0-301F-11D3-BF4B-00C04F79EFBC}") = "FBHC", "FBHC\FBHC.csproj", "{C732C4D9-623E-4495-BEF9-6A70003E4A11}"
EndProject
Project("{2150E333-8FDC-42A3-9474-1A3956D46DE8}") = "Solution Items", "Solution Items", "{C43BC787-EBC3-491C-B376-FA817887A7F1}"
EndProject
Global
	GlobalSection(SolutionConfigurationPlatforms) = preSolution
		Debug|x86 = Debug|x86
		Release|x86 = Release|x86
	EndGlobalSection
	GlobalSection(ProjectConfigurationPlatforms) = postSolution
		{C732C4D9-623E-4495-BEF9-6A70003E4A11}.Debug|x86.ActiveCfg = Debug|x86
		{C732C4D9-623E-4495-BEF9-6A70003E4A11}.Debug|x86.Build.0 = Debug|x86
		{C732C4D9-623E-4495-BEF9-6A70003E4A11}.Release|x86.ActiveCfg = Release|x86
		{C732C4D9-623E-4495-BEF9-6A70003E4A11}.Release|x86.Build.0 = Release|x86
	EndGlobalSection
	GlobalSection(SolutionProperties) = preSolution
		HideSolutionNode = FALSE
	EndGlobalSection
EndGlobal
